// !$*UTF8*$!
{
	archiveVersion = 1;
	classes = {
	};
	objectVersion = 46;
	objects = {

/* Begin PBXBuildFile section */
		573948FF1DD53D94005CC19E /* AppDelegate.swift in Sources */ = {isa = PBXBuildFile; fileRef = 573948FE1DD53D94005CC19E /* AppDelegate.swift */; };
		573949011DD53D94005CC19E /* ViewController.swift in Sources */ = {isa = PBXBuildFile; fileRef = 573949001DD53D94005CC19E /* ViewController.swift */; };
		573949041DD53D94005CC19E /* Main.storyboard in Resources */ = {isa = PBXBuildFile; fileRef = 573949021DD53D94005CC19E /* Main.storyboard */; };
		573949061DD53D94005CC19E /* Assets.xcassets in Resources */ = {isa = PBXBuildFile; fileRef = 573949051DD53D94005CC19E /* Assets.xcassets */; };
		573949091DD53D94005CC19E /* LaunchScreen.storyboard in Resources */ = {isa = PBXBuildFile; fileRef = 573949071DD53D94005CC19E /* LaunchScreen.storyboard */; };
/* End PBXBuildFile section */

/* Begin PBXFileReference section */
		573948FB1DD53D94005CC19E /* Project13.app */ = {isa = PBXFileReference; explicitFileType = wrapper.application; includeInIndex = 0; path = Project13.app; sourceTree = BUILT_PRODUCTS_DIR; };
		573948FE1DD53D94005CC19E /* AppDelegate.swift */ = {isa = PBXFileReference; lastKnownFileType = sourcecode.swift; path = AppDelegate.swift; sourceTree = "<group>"; };
		573949001DD53D94005CC19E /* ViewController.swift */ = {isa = PBXFileReference; lastKnownFileType = sourcecode.swift; path = ViewController.swift; sourceTree = "<group>"; };
		573949031DD53D94005CC19E /* Base */ = {isa = PBXFileReference; lastKnownFileType = file.storyboard; name = Base; path = Base.lproj/Main.storyboard; sourceTree = "<group>"; };
		573949051DD53D94005CC19E /* Assets.xcassets */ = {isa = PBXFileReference; lastKnownFileType = folder.assetcatalog; path = Assets.xcassets; sourceTree = "<group>"; };
		573949081DD53D94005CC19E /* Base */ = {isa = PBXFileReference; lastKnownFileType = file.storyboard; name = Base; path = Base.lproj/LaunchScreen.storyboard; sourceTree = "<group>"; };
		5739490A1DD53D94005CC19E /* Info.plist */ = {isa = PBXFileReference; lastKnownFileType = text.plist.xml; path = Info.plist; sourceTree = "<group>"; };
/* End PBXFileReference section */

/* Begin PBXFrameworksBuildPhase section */
		573948F81DD53D94005CC19E /* Frameworks */ = {
			isa = PBXFrameworksBuildPhase;
			buildActionMask = 2147483647;
			files = (
			);
			runOnlyForDeploymentPostprocessing = 0;
		};
/* End PBXFrameworksBuildPhase section */

/* Begin PBXGroup section */
		573948F21DD53D94005CC19E = {
			isa = PBXGroup;
			children = (
				573948FD1DD53D94005CC19E /* Project13 */,
				573948FC1DD53D94005CC19E /* Products */,
			);
			sourceTree = "<group>";
		};
		573948FC1DD53D94005CC19E /* Products */ = {
			isa = PBXGroup;
			children = (
				573948FB1DD53D94005CC19E /* Project13.app */,
			);
			name = Products;
			sourceTree = "<group>";
		};
		573948FD1DD53D94005CC19E /* Project13 */ = {
			isa = PBXGroup;
			children = (
				573948FE1DD53D94005CC19E /* AppDelegate.swift */,
				573949001DD53D94005CC19E /* ViewController.swift */,
				573949021DD53D94005CC19E /* Main.storyboard */,
				573949051DD53D94005CC19E /* Assets.xcassets */,
				573949071DD53D94005CC19E /* LaunchScreen.storyboard */,
				5739490A1DD53D94005CC19E /* Info.plist */,
			);
			path = Project13;
			sourceTree = "<group>";
		};
/* End PBXGroup section */

/* Begin PBXNativeTarget section */
		573948FA1DD53D94005CC19E /* Project13 */ = {
			isa = PBXNativeTarget;
			buildConfigurationList = 5739490D1DD53D94005CC19E /* Build configuration list for PBXNativeTarget "Project13" */;
			buildPhases = (
				573948F71DD53D94005CC19E /* Sources */,
				573948F81DD53D94005CC19E /* Frameworks */,
				573948F91DD53D94005CC19E /* Resources */,
			);
			buildRules = (
			);
			dependencies = (
			);
			name = Project13;
			productName = Project13;
			productReference = 573948FB1DD53D94005CC19E /* Project13.app */;
			productType = "com.apple.product-type.application";
		};
/* End PBXNativeTarget section */

/* Begin PBXProject section */
		573948F31DD53D94005CC19E /* Project object */ = {
			isa = PBXProject;
			attributes = {
				LastSwiftUpdateCheck = 0810;
				LastUpgradeCheck = 0810;
				ORGANIZATIONNAME = utrillavictor;
				TargetAttributes = {
					573948FA1DD53D94005CC19E = {
						CreatedOnToolsVersion = 8.1;
						ProvisioningStyle = Automatic;
					};
				};
			};
			buildConfigurationList = 573948F61DD53D94005CC19E /* Build configuration list for PBXProject "Project13" */;
			compatibilityVersion = "Xcode 3.2";
			developmentRegion = English;
			hasScannedForEncodings = 0;
			knownRegions = (
				en,
				Base,
			);
			mainGroup = 573948F21DD53D94005CC19E;
			productRefGroup = 573948FC1DD53D94005CC19E /* Products */;
			projectDirPath = "";
			projectRoot = "";
			targets = (
				573948FA1DD53D94005CC19E /* Project13 */,
			);
		};
/* End PBXProject section */

/* Begin PBXResourcesBuildPhase section */
		573948F91DD53D94005CC19E /* Resources */ = {
			isa = PBXResourcesBuildPhase;
			buildActionMask = 2147483647;
			files = (
				573949091DD53D94005CC19E /* LaunchScreen.storyboard in Resources */,
				573949061DD53D94005CC19E /* Assets.xcassets in Resources */,
				573949041DD53D94005CC19E /* Main.storyboard in Resources */,
			);
			runOnlyForDeploymentPostprocessing = 0;
		};
/* End PBXResourcesBuildPhase section */

/* Begin PBXSourcesBuildPhase section */
		573948F71DD53D94005CC19E /* Sources */ = {
			isa = PBXSourcesBuildPhase;
			buildActionMask = 2147483647;
			files = (
				573949011DD53D94005CC19E /* ViewController.swift in Sources */,
				573948FF1DD53D94005CC19E /* AppDelegate.swift in Sources */,
			);
			runOnlyForDeploymentPostprocessing = 0;
		};
/* End PBXSourcesBuildPhase section */

/* Begin PBXVariantGroup section */
		573949021DD53D94005CC19E /* Main.storyboard */ = {
			isa = PBXVariantGroup;
			children = (
				573949031DD53D94005CC19E /* Base */,
			);
			name = Main.storyboard;
			sourceTree = "<group>";
		};
		573949071DD53D94005CC19E /* LaunchScreen.storyboard */ = {
			isa = PBXVariantGroup;
			children = (
				573949081DD53D94005CC19E /* Base */,
			);
			name = LaunchScreen.storyboard;
			sourceTree = "<group>";
		};
/* End PBXVariantGroup section */

/* Begin XCBuildConfiguration section */
		5739490B1DD53D94005CC19E /* Debug */ = {
			isa = XCBuildConfiguration;
			buildSettings = {
				ALWAYS_SEARCH_USER_PATHS = NO;
				CLANG_ANALYZER_NONNULL = YES;
				CLANG_CXX_LANGUAGE_STANDARD = "gnu++0x";
				CLANG_CXX_LIBRARY = "libc++";
				CLANG_ENABLE_MODULES = YES;
				CLANG_ENABLE_OBJC_ARC = YES;
				CLANG_WARN_BOOL_CONVERSION = YES;
				CLANG_WARN_CONSTANT_CONVERSION = YES;
				CLANG_WARN_DIRECT_OBJC_ISA_USAGE = YES_ERROR;
				CLANG_WARN_DOCUMENTATION_COMMENTS = YES;
				CLANG_WARN_EMPTY_BODY = YES;
				CLANG_WARN_ENUM_CONVERSION = YES;
				CLANG_WARN_INFINITE_RECURSION = YES;
				CLANG_WARN_INT_CONVERSION = YES;
				CLANG_WARN_OBJC_ROOT_CLASS = YES_ERROR;
				CLANG_WARN_SUSPICIOUS_MOVES = YES;
				CLANG_WARN_UNREACHABLE_CODE = YES;
				CLANG_WARN__DUPLICATE_METHOD_MATCH = YES;
				"CODE_SIGN_IDENTITY[sdk=iphoneos*]" = "iPhone Developer";
				COPY_PHASE_STRIP = NO;
				DEBUG_INFORMATION_FORMAT = dwarf;
				ENABLE_STRICT_OBJC_MSGSEND = YES;
				ENABLE_TESTABILITY = YES;
				GCC_C_LANGUAGE_STANDARD = gnu99;
				GCC_DYNAMIC_NO_PIC = NO;
				GCC_NO_COMMON_BLOCKS = YES;
				GCC_OPTIMIZATION_LEVEL = 0;
				GCC_PREPROCESSOR_DEFINITIONS = (
					"DEBUG=1",
					"$(inherited)",
				);
				GCC_WARN_64_TO_32_BIT_CONVERSION = YES;
				GCC_WARN_ABOUT_RETURN_TYPE = YES_ERROR;
				GCC_WARN_UNDECLARED_SELECTOR = YES;
				GCC_WARN_UNINITIALIZED_AUTOS = YES_AGGRESSIVE;
				GCC_WARN_UNUSED_FUNCTION = YES;
				GCC_WARN_UNUSED_VARIABLE = YES;
				IPHONEOS_DEPLOYMENT_TARGET = 10.1;
				MTL_ENABLE_DEBUG_INFO = YES;
				ONLY_ACTIVE_ARCH = YES;
				SDKROOT = iphoneos;
				SWIFT_ACTIVE_COMPILATION_CONDITIONS = DEBUG;
				SWIFT_OPTIMIZATION_LEVEL = "-Onone";
				TARGETED_DEVICE_FAMILY = "1,2";
			};
			name = Debug;
		};
		5739490C1DD53D94005CC19E /* Release */ = {
			isa = XCBuildConfiguration;
			buildSettings = {
				ALWAYS_SEARCH_USER_PATHS = NO;
				CLANG_ANALYZER_NONNULL = YES;
				CLANG_CXX_LANGUAGE_STANDARD = "gnu++0x";
				CLANG_CXX_LIBRARY = "libc++";
				CLANG_ENABLE_MODULES = YES;
				CLANG_ENABLE_OBJC_ARC = YES;
				CLANG_WARN_BOOL_CONVERSION = YES;
				CLANG_WARN_CONSTANT_CONVERSION = YES;
				CLANG_WARN_DIRECT_OBJC_ISA_USAGE = YES_ERROR;
				CLANG_WARN_DOCUMENTATION_COMMENTS = YES;
				CLANG_WARN_EMPTY_BODY = YES;
				CLANG_WARN_ENUM_CONVERSION = YES;
				CLANG_WARN_INFINITE_RECURSION = YES;
				CLANG_WARN_INT_CONVERSION = YES;
				CLANG_WARN_OBJC_ROOT_CLASS = YES_ERROR;
				CLANG_WARN_SUSPICIOUS_MOVES = YES;
				CLANG_WARN_UNREACHABLE_CODE = YES;
				CLANG_WARN__DUPLICATE_METHOD_MATCH = YES;
				"CODE_SIGN_IDENTITY[sdk=iphoneos*]" = "iPhone Developer";
				COPY_PHASE_STRIP = NO;
				DEBUG_INFORMATION_FORMAT = "dwarf-with-dsym";
				ENABLE_NS_ASSERTIONS = NO;
				ENABLE_STRICT_OBJC_MSGSEND = YES;
				GCC_C_LANGUAGE_STANDARD = gnu99;
				GCC_NO_COMMON_BLOCKS = YES;
				GCC_WARN_64_TO_32_BIT_CONVERSION = YES;
				GCC_WARN_ABOUT_RETURN_TYPE = YES_ERROR;
				GCC_WARN_UNDECLARED_SELECTOR = YES;
				GCC_WARN_UNINITIALIZED_AUTOS = YES_AGGRESSIVE;
				GCC_WARN_UNUSED_FUNCTION = YES;
				GCC_WARN_UNUSED_VARIABLE = YES;
				IPHONEOS_DEPLOYMENT_TARGET = 10.1;
				MTL_ENABLE_DEBUG_INFO = NO;
				SDKROOT = iphoneos;
				SWIFT_OPTIMIZATION_LEVEL = "-Owholemodule";
				TARGETED_DEVICE_FAMILY = "1,2";
				VALIDATE_PRODUCT = YES;
			};
			name = Release;
		};
		5739490E1DD53D94005CC19E /* Debug */ = {
			isa = XCBuildConfiguration;
			buildSettings = {
				ASSETCATALOG_COMPILER_APPICON_NAME = AppIcon;
				INFOPLIST_FILE = Project13/Info.plist;
				LD_RUNPATH_SEARCH_PATHS = "$(inherited) @executable_path/Frameworks";
				PRODUCT_BUNDLE_IDENTIFIER = com.utrillavictor.Project13;
				PRODUCT_NAME = "$(TARGET_NAME)";
				SWIFT_VERSION = 3.0;
			};
			name = Debug;
		};
		5739490F1DD53D94005CC19E /* Release */ = {
			isa = XCBuildConfiguration;
			buildSettings = {
				ASSETCATALOG_COMPILER_APPICON_NAME = AppIcon;
				INFOPLIST_FILE = Project13/Info.plist;
				LD_RUNPATH_SEARCH_PATHS = "$(inherited) @executable_path/Frameworks";
				PRODUCT_BUNDLE_IDENTIFIER = com.utrillavictor.Project13;
				PRODUCT_NAME = "$(TARGET_NAME)";
				SWIFT_VERSION = 3.0;
			};
			name = Release;
		};
/* End XCBuildConfiguration section */

/* Begin XCConfigurationList section */
		573948F61DD53D94005CC19E /* Build configuration list for PBXProject "Project13" */ = {
			isa = XCConfigurationList;
			buildConfigurations = (
				5739490B1DD53D94005CC19E /* Debug */,
				5739490C1DD53D94005CC19E /* Release */,
			);
			defaultConfigurationIsVisible = 0;
			defaultConfigurationName = Release;
		};
		5739490D1DD53D94005CC19E /* Build configuration list for PBXNativeTarget "Project13" */ = {
			isa = XCConfigurationList;
			buildConfigurations = (
				5739490E1DD53D94005CC19E /* Debug */,
				5739490F1DD53D94005CC19E /* Release */,
			);
			defaultConfigurationIsVisible = 0;
		};
/* End XCConfigurationList section */
	};
	rootObject = 573948F31DD53D94005CC19E /* Project object */;
}
