// !$*UTF8*$!
{
	archiveVersion = 1;
	classes = {
	};
	objectVersion = 46;
	objects = {

/* Begin PBXBuildFile section */
		57F5D4C61DC9564F007EDBCD /* AppDelegate.swift in Sources */ = {isa = PBXBuildFile; fileRef = 57F5D4C51DC9564F007EDBCD /* AppDelegate.swift */; };
		57F5D4C81DC9564F007EDBCD /* ViewController.swift in Sources */ = {isa = PBXBuildFile; fileRef = 57F5D4C71DC9564F007EDBCD /* ViewController.swift */; };
		57F5D4CB1DC9564F007EDBCD /* Main.storyboard in Resources */ = {isa = PBXBuildFile; fileRef = 57F5D4C91DC9564F007EDBCD /* Main.storyboard */; };
		57F5D4CD1DC9564F007EDBCD /* Assets.xcassets in Resources */ = {isa = PBXBuildFile; fileRef = 57F5D4CC1DC9564F007EDBCD /* Assets.xcassets */; };
		57F5D4D01DC9564F007EDBCD /* LaunchScreen.storyboard in Resources */ = {isa = PBXBuildFile; fileRef = 57F5D4CE1DC9564F007EDBCD /* LaunchScreen.storyboard */; };
/* End PBXBuildFile section */

/* Begin PBXFileReference section */
		57F5D4C21DC9564F007EDBCD /* Project6.app */ = {isa = PBXFileReference; explicitFileType = wrapper.application; includeInIndex = 0; path = Project6.app; sourceTree = BUILT_PRODUCTS_DIR; };
		57F5D4C51DC9564F007EDBCD /* AppDelegate.swift */ = {isa = PBXFileReference; lastKnownFileType = sourcecode.swift; path = AppDelegate.swift; sourceTree = "<group>"; };
		57F5D4C71DC9564F007EDBCD /* ViewController.swift */ = {isa = PBXFileReference; lastKnownFileType = sourcecode.swift; path = ViewController.swift; sourceTree = "<group>"; };
		57F5D4CA1DC9564F007EDBCD /* Base */ = {isa = PBXFileReference; lastKnownFileType = file.storyboard; name = Base; path = Base.lproj/Main.storyboard; sourceTree = "<group>"; };
		57F5D4CC1DC9564F007EDBCD /* Assets.xcassets */ = {isa = PBXFileReference; lastKnownFileType = folder.assetcatalog; path = Assets.xcassets; sourceTree = "<group>"; };
		57F5D4CF1DC9564F007EDBCD /* Base */ = {isa = PBXFileReference; lastKnownFileType = file.storyboard; name = Base; path = Base.lproj/LaunchScreen.storyboard; sourceTree = "<group>"; };
		57F5D4D11DC9564F007EDBCD /* Info.plist */ = {isa = PBXFileReference; lastKnownFileType = text.plist.xml; path = Info.plist; sourceTree = "<group>"; };
/* End PBXFileReference section */

/* Begin PBXFrameworksBuildPhase section */
		57F5D4BF1DC9564E007EDBCD /* Frameworks */ = {
			isa = PBXFrameworksBuildPhase;
			buildActionMask = 2147483647;
			files = (
			);
			runOnlyForDeploymentPostprocessing = 0;
		};
/* End PBXFrameworksBuildPhase section */

/* Begin PBXGroup section */
		57F5D4B91DC9564E007EDBCD = {
			isa = PBXGroup;
			children = (
				57F5D4C41DC9564F007EDBCD /* Project6 */,
				57F5D4C31DC9564F007EDBCD /* Products */,
			);
			sourceTree = "<group>";
		};
		57F5D4C31DC9564F007EDBCD /* Products */ = {
			isa = PBXGroup;
			children = (
				57F5D4C21DC9564F007EDBCD /* Project6.app */,
			);
			name = Products;
			sourceTree = "<group>";
		};
		57F5D4C41DC9564F007EDBCD /* Project6 */ = {
			isa = PBXGroup;
			children = (
				57F5D4C51DC9564F007EDBCD /* AppDelegate.swift */,
				57F5D4C71DC9564F007EDBCD /* ViewController.swift */,
				57F5D4C91DC9564F007EDBCD /* Main.storyboard */,
				57F5D4CC1DC9564F007EDBCD /* Assets.xcassets */,
				57F5D4CE1DC9564F007EDBCD /* LaunchScreen.storyboard */,
				57F5D4D11DC9564F007EDBCD /* Info.plist */,
			);
			path = Project6;
			sourceTree = "<group>";
		};
/* End PBXGroup section */

/* Begin PBXNativeTarget section */
		57F5D4C11DC9564E007EDBCD /* Project6 */ = {
			isa = PBXNativeTarget;
			buildConfigurationList = 57F5D4D41DC9564F007EDBCD /* Build configuration list for PBXNativeTarget "Project6" */;
			buildPhases = (
				57F5D4BE1DC9564E007EDBCD /* Sources */,
				57F5D4BF1DC9564E007EDBCD /* Frameworks */,
				57F5D4C01DC9564E007EDBCD /* Resources */,
			);
			buildRules = (
			);
			dependencies = (
			);
			name = Project6;
			productName = Project6;
			productReference = 57F5D4C21DC9564F007EDBCD /* Project6.app */;
			productType = "com.apple.product-type.application";
		};
/* End PBXNativeTarget section */

/* Begin PBXProject section */
		57F5D4BA1DC9564E007EDBCD /* Project object */ = {
			isa = PBXProject;
			attributes = {
				LastSwiftUpdateCheck = 0810;
				LastUpgradeCheck = 0810;
				ORGANIZATIONNAME = utrillavictor;
				TargetAttributes = {
					57F5D4C11DC9564E007EDBCD = {
						CreatedOnToolsVersion = 8.1;
						ProvisioningStyle = Automatic;
					};
				};
			};
			buildConfigurationList = 57F5D4BD1DC9564E007EDBCD /* Build configuration list for PBXProject "Project6" */;
			compatibilityVersion = "Xcode 3.2";
			developmentRegion = English;
			hasScannedForEncodings = 0;
			knownRegions = (
				en,
				Base,
			);
			mainGroup = 57F5D4B91DC9564E007EDBCD;
			productRefGroup = 57F5D4C31DC9564F007EDBCD /* Products */;
			projectDirPath = "";
			projectRoot = "";
			targets = (
				57F5D4C11DC9564E007EDBCD /* Project6 */,
			);
		};
/* End PBXProject section */

/* Begin PBXResourcesBuildPhase section */
		57F5D4C01DC9564E007EDBCD /* Resources */ = {
			isa = PBXResourcesBuildPhase;
			buildActionMask = 2147483647;
			files = (
				57F5D4D01DC9564F007EDBCD /* LaunchScreen.storyboard in Resources */,
				57F5D4CD1DC9564F007EDBCD /* Assets.xcassets in Resources */,
				57F5D4CB1DC9564F007EDBCD /* Main.storyboard in Resources */,
			);
			runOnlyForDeploymentPostprocessing = 0;
		};
/* End PBXResourcesBuildPhase section */

/* Begin PBXSourcesBuildPhase section */
		57F5D4BE1DC9564E007EDBCD /* Sources */ = {
			isa = PBXSourcesBuildPhase;
			buildActionMask = 2147483647;
			files = (
				57F5D4C81DC9564F007EDBCD /* ViewController.swift in Sources */,
				57F5D4C61DC9564F007EDBCD /* AppDelegate.swift in Sources */,
			);
			runOnlyForDeploymentPostprocessing = 0;
		};
/* End PBXSourcesBuildPhase section */

/* Begin PBXVariantGroup section */
		57F5D4C91DC9564F007EDBCD /* Main.storyboard */ = {
			isa = PBXVariantGroup;
			children = (
				57F5D4CA1DC9564F007EDBCD /* Base */,
			);
			name = Main.storyboard;
			sourceTree = "<group>";
		};
		57F5D4CE1DC9564F007EDBCD /* LaunchScreen.storyboard */ = {
			isa = PBXVariantGroup;
			children = (
				57F5D4CF1DC9564F007EDBCD /* Base */,
			);
			name = LaunchScreen.storyboard;
			sourceTree = "<group>";
		};
/* End PBXVariantGroup section */

/* Begin XCBuildConfiguration section */
		57F5D4D21DC9564F007EDBCD /* Debug */ = {
			isa = XCBuildConfiguration;
			buildSettings = {
				ALWAYS_SEARCH_USER_PATHS = NO;
				CLANG_ANALYZER_NONNULL = YES;
				CLANG_CXX_LANGUAGE_STANDARD = "gnu++0x";
				CLANG_CXX_LIBRARY = "libc++";
				CLANG_ENABLE_MODULES = YES;
				CLANG_ENABLE_OBJC_ARC = YES;
				CLANG_WARN_BOOL_CONVERSION = YES;
				CLANG_WARN_CONSTANT_CONVERSION = YES;
				CLANG_WARN_DIRECT_OBJC_ISA_USAGE = YES_ERROR;
				CLANG_WARN_DOCUMENTATION_COMMENTS = YES;
				CLANG_WARN_EMPTY_BODY = YES;
				CLANG_WARN_ENUM_CONVERSION = YES;
				CLANG_WARN_INFINITE_RECURSION = YES;
				CLANG_WARN_INT_CONVERSION = YES;
				CLANG_WARN_OBJC_ROOT_CLASS = YES_ERROR;
				CLANG_WARN_SUSPICIOUS_MOVES = YES;
				CLANG_WARN_UNREACHABLE_CODE = YES;
				CLANG_WARN__DUPLICATE_METHOD_MATCH = YES;
				"CODE_SIGN_IDENTITY[sdk=iphoneos*]" = "iPhone Developer";
				COPY_PHASE_STRIP = NO;
				DEBUG_INFORMATION_FORMAT = dwarf;
				ENABLE_STRICT_OBJC_MSGSEND = YES;
				ENABLE_TESTABILITY = YES;
				GCC_C_LANGUAGE_STANDARD = gnu99;
				GCC_DYNAMIC_NO_PIC = NO;
				GCC_NO_COMMON_BLOCKS = YES;
				GCC_OPTIMIZATION_LEVEL = 0;
				GCC_PREPROCESSOR_DEFINITIONS = (
					"DEBUG=1",
					"$(inherited)",
				);
				GCC_WARN_64_TO_32_BIT_CONVERSION = YES;
				GCC_WARN_ABOUT_RETURN_TYPE = YES_ERROR;
				GCC_WARN_UNDECLARED_SELECTOR = YES;
				GCC_WARN_UNINITIALIZED_AUTOS = YES_AGGRESSIVE;
				GCC_WARN_UNUSED_FUNCTION = YES;
				GCC_WARN_UNUSED_VARIABLE = YES;
				IPHONEOS_DEPLOYMENT_TARGET = 10.1;
				MTL_ENABLE_DEBUG_INFO = YES;
				ONLY_ACTIVE_ARCH = YES;
				SDKROOT = iphoneos;
				SWIFT_ACTIVE_COMPILATION_CONDITIONS = DEBUG;
				SWIFT_OPTIMIZATION_LEVEL = "-Onone";
			};
			name = Debug;
		};
		57F5D4D31DC9564F007EDBCD /* Release */ = {
			isa = XCBuildConfiguration;
			buildSettings = {
				ALWAYS_SEARCH_USER_PATHS = NO;
				CLANG_ANALYZER_NONNULL = YES;
				CLANG_CXX_LANGUAGE_STANDARD = "gnu++0x";
				CLANG_CXX_LIBRARY = "libc++";
				CLANG_ENABLE_MODULES = YES;
				CLANG_ENABLE_OBJC_ARC = YES;
				CLANG_WARN_BOOL_CONVERSION = YES;
				CLANG_WARN_CONSTANT_CONVERSION = YES;
				CLANG_WARN_DIRECT_OBJC_ISA_USAGE = YES_ERROR;
				CLANG_WARN_DOCUMENTATION_COMMENTS = YES;
				CLANG_WARN_EMPTY_BODY = YES;
				CLANG_WARN_ENUM_CONVERSION = YES;
				CLANG_WARN_INFINITE_RECURSION = YES;
				CLANG_WARN_INT_CONVERSION = YES;
				CLANG_WARN_OBJC_ROOT_CLASS = YES_ERROR;
				CLANG_WARN_SUSPICIOUS_MOVES = YES;
				CLANG_WARN_UNREACHABLE_CODE = YES;
				CLANG_WARN__DUPLICATE_METHOD_MATCH = YES;
				"CODE_SIGN_IDENTITY[sdk=iphoneos*]" = "iPhone Developer";
				COPY_PHASE_STRIP = NO;
				DEBUG_INFORMATION_FORMAT = "dwarf-with-dsym";
				ENABLE_NS_ASSERTIONS = NO;
				ENABLE_STRICT_OBJC_MSGSEND = YES;
				GCC_C_LANGUAGE_STANDARD = gnu99;
				GCC_NO_COMMON_BLOCKS = YES;
				GCC_WARN_64_TO_32_BIT_CONVERSION = YES;
				GCC_WARN_ABOUT_RETURN_TYPE = YES_ERROR;
				GCC_WARN_UNDECLARED_SELECTOR = YES;
				GCC_WARN_UNINITIALIZED_AUTOS = YES_AGGRESSIVE;
				GCC_WARN_UNUSED_FUNCTION = YES;
				GCC_WARN_UNUSED_VARIABLE = YES;
				IPHONEOS_DEPLOYMENT_TARGET = 10.1;
				MTL_ENABLE_DEBUG_INFO = NO;
				SDKROOT = iphoneos;
				SWIFT_OPTIMIZATION_LEVEL = "-Owholemodule";
				VALIDATE_PRODUCT = YES;
			};
			name = Release;
		};
		57F5D4D51DC9564F007EDBCD /* Debug */ = {
			isa = XCBuildConfiguration;
			buildSettings = {
				ASSETCATALOG_COMPILER_APPICON_NAME = AppIcon;
				INFOPLIST_FILE = Project6/Info.plist;
				LD_RUNPATH_SEARCH_PATHS = "$(inherited) @executable_path/Frameworks";
				PRODUCT_BUNDLE_IDENTIFIER = com.utrillavictor.Project6;
				PRODUCT_NAME = "$(TARGET_NAME)";
				SWIFT_VERSION = 3.0;
			};
			name = Debug;
		};
		57F5D4D61DC9564F007EDBCD /* Release */ = {
			isa = XCBuildConfiguration;
			buildSettings = {
				ASSETCATALOG_COMPILER_APPICON_NAME = AppIcon;
				INFOPLIST_FILE = Project6/Info.plist;
				LD_RUNPATH_SEARCH_PATHS = "$(inherited) @executable_path/Frameworks";
				PRODUCT_BUNDLE_IDENTIFIER = com.utrillavictor.Project6;
				PRODUCT_NAME = "$(TARGET_NAME)";
				SWIFT_VERSION = 3.0;
			};
			name = Release;
		};
/* End XCBuildConfiguration section */

/* Begin XCConfigurationList section */
		57F5D4BD1DC9564E007EDBCD /* Build configuration list for PBXProject "Project6" */ = {
			isa = XCConfigurationList;
			buildConfigurations = (
				57F5D4D21DC9564F007EDBCD /* Debug */,
				57F5D4D31DC9564F007EDBCD /* Release */,
			);
			defaultConfigurationIsVisible = 0;
			defaultConfigurationName = Release;
		};
		57F5D4D41DC9564F007EDBCD /* Build configuration list for PBXNativeTarget "Project6" */ = {
			isa = XCConfigurationList;
			buildConfigurations = (
				57F5D4D51DC9564F007EDBCD /* Debug */,
				57F5D4D61DC9564F007EDBCD /* Release */,
			);
			defaultConfigurationIsVisible = 0;
		};
/* End XCConfigurationList section */
	};
	rootObject = 57F5D4BA1DC9564E007EDBCD /* Project object */;
}
