// !$*UTF8*$!
{
	archiveVersion = 1;
	classes = {
	};
	objectVersion = 46;
	objects = {

/* Begin PBXBuildFile section */
		573948D81DD3FF52005CC19E /* AppDelegate.swift in Sources */ = {isa = PBXBuildFile; fileRef = 573948D71DD3FF52005CC19E /* AppDelegate.swift */; };
		573948DF1DD3FF52005CC19E /* Assets.xcassets in Resources */ = {isa = PBXBuildFile; fileRef = 573948DE1DD3FF52005CC19E /* Assets.xcassets */; };
		573948E21DD3FF52005CC19E /* LaunchScreen.storyboard in Resources */ = {isa = PBXBuildFile; fileRef = 573948E01DD3FF52005CC19E /* LaunchScreen.storyboard */; };
		573948EC1DD40093005CC19E /* Person.swift in Sources */ = {isa = PBXBuildFile; fileRef = 573948E91DD40093005CC19E /* Person.swift */; };
		573948ED1DD40093005CC19E /* PersonCell.swift in Sources */ = {isa = PBXBuildFile; fileRef = 573948EA1DD40093005CC19E /* PersonCell.swift */; };
		573948EE1DD40093005CC19E /* ViewController.swift in Sources */ = {isa = PBXBuildFile; fileRef = 573948EB1DD40093005CC19E /* ViewController.swift */; };
		573948F11DD4009C005CC19E /* Main.storyboard in Resources */ = {isa = PBXBuildFile; fileRef = 573948EF1DD4009C005CC19E /* Main.storyboard */; };
/* End PBXBuildFile section */

/* Begin PBXFileReference section */
		573948D41DD3FF52005CC19E /* Project12.app */ = {isa = PBXFileReference; explicitFileType = wrapper.application; includeInIndex = 0; path = Project12.app; sourceTree = BUILT_PRODUCTS_DIR; };
		573948D71DD3FF52005CC19E /* AppDelegate.swift */ = {isa = PBXFileReference; lastKnownFileType = sourcecode.swift; path = AppDelegate.swift; sourceTree = "<group>"; };
		573948DE1DD3FF52005CC19E /* Assets.xcassets */ = {isa = PBXFileReference; lastKnownFileType = folder.assetcatalog; path = Assets.xcassets; sourceTree = "<group>"; };
		573948E11DD3FF52005CC19E /* Base */ = {isa = PBXFileReference; lastKnownFileType = file.storyboard; name = Base; path = Base.lproj/LaunchScreen.storyboard; sourceTree = "<group>"; };
		573948E31DD3FF52005CC19E /* Info.plist */ = {isa = PBXFileReference; lastKnownFileType = text.plist.xml; path = Info.plist; sourceTree = "<group>"; };
		573948E91DD40093005CC19E /* Person.swift */ = {isa = PBXFileReference; fileEncoding = 4; lastKnownFileType = sourcecode.swift; path = Person.swift; sourceTree = "<group>"; };
		573948EA1DD40093005CC19E /* PersonCell.swift */ = {isa = PBXFileReference; fileEncoding = 4; lastKnownFileType = sourcecode.swift; path = PersonCell.swift; sourceTree = "<group>"; };
		573948EB1DD40093005CC19E /* ViewController.swift */ = {isa = PBXFileReference; fileEncoding = 4; lastKnownFileType = sourcecode.swift; path = ViewController.swift; sourceTree = "<group>"; };
		573948F01DD4009C005CC19E /* Base */ = {isa = PBXFileReference; lastKnownFileType = file.storyboard; name = Base; path = Base.lproj/Main.storyboard; sourceTree = "<group>"; };
/* End PBXFileReference section */

/* Begin PBXFrameworksBuildPhase section */
		573948D11DD3FF52005CC19E /* Frameworks */ = {
			isa = PBXFrameworksBuildPhase;
			buildActionMask = 2147483647;
			files = (
			);
			runOnlyForDeploymentPostprocessing = 0;
		};
/* End PBXFrameworksBuildPhase section */

/* Begin PBXGroup section */
		573948CB1DD3FF52005CC19E = {
			isa = PBXGroup;
			children = (
				573948D61DD3FF52005CC19E /* Project12 */,
				573948D51DD3FF52005CC19E /* Products */,
			);
			sourceTree = "<group>";
		};
		573948D51DD3FF52005CC19E /* Products */ = {
			isa = PBXGroup;
			children = (
				573948D41DD3FF52005CC19E /* Project12.app */,
			);
			name = Products;
			sourceTree = "<group>";
		};
		573948D61DD3FF52005CC19E /* Project12 */ = {
			isa = PBXGroup;
			children = (
				573948D71DD3FF52005CC19E /* AppDelegate.swift */,
				573948E91DD40093005CC19E /* Person.swift */,
				573948EA1DD40093005CC19E /* PersonCell.swift */,
				573948EB1DD40093005CC19E /* ViewController.swift */,
				573948DE1DD3FF52005CC19E /* Assets.xcassets */,
				573948EF1DD4009C005CC19E /* Main.storyboard */,
				573948E01DD3FF52005CC19E /* LaunchScreen.storyboard */,
				573948E31DD3FF52005CC19E /* Info.plist */,
			);
			path = Project12;
			sourceTree = "<group>";
		};
/* End PBXGroup section */

/* Begin PBXNativeTarget section */
		573948D31DD3FF52005CC19E /* Project12 */ = {
			isa = PBXNativeTarget;
			buildConfigurationList = 573948E61DD3FF52005CC19E /* Build configuration list for PBXNativeTarget "Project12" */;
			buildPhases = (
				573948D01DD3FF52005CC19E /* Sources */,
				573948D11DD3FF52005CC19E /* Frameworks */,
				573948D21DD3FF52005CC19E /* Resources */,
			);
			buildRules = (
			);
			dependencies = (
			);
			name = Project12;
			productName = Project12;
			productReference = 573948D41DD3FF52005CC19E /* Project12.app */;
			productType = "com.apple.product-type.application";
		};
/* End PBXNativeTarget section */

/* Begin PBXProject section */
		573948CC1DD3FF52005CC19E /* Project object */ = {
			isa = PBXProject;
			attributes = {
				LastSwiftUpdateCheck = 0810;
				LastUpgradeCheck = 0810;
				ORGANIZATIONNAME = utrillavictor;
				TargetAttributes = {
					573948D31DD3FF52005CC19E = {
						CreatedOnToolsVersion = 8.1;
						ProvisioningStyle = Automatic;
					};
				};
			};
			buildConfigurationList = 573948CF1DD3FF52005CC19E /* Build configuration list for PBXProject "Project12" */;
			compatibilityVersion = "Xcode 3.2";
			developmentRegion = English;
			hasScannedForEncodings = 0;
			knownRegions = (
				en,
				Base,
			);
			mainGroup = 573948CB1DD3FF52005CC19E;
			productRefGroup = 573948D51DD3FF52005CC19E /* Products */;
			projectDirPath = "";
			projectRoot = "";
			targets = (
				573948D31DD3FF52005CC19E /* Project12 */,
			);
		};
/* End PBXProject section */

/* Begin PBXResourcesBuildPhase section */
		573948D21DD3FF52005CC19E /* Resources */ = {
			isa = PBXResourcesBuildPhase;
			buildActionMask = 2147483647;
			files = (
				573948F11DD4009C005CC19E /* Main.storyboard in Resources */,
				573948E21DD3FF52005CC19E /* LaunchScreen.storyboard in Resources */,
				573948DF1DD3FF52005CC19E /* Assets.xcassets in Resources */,
			);
			runOnlyForDeploymentPostprocessing = 0;
		};
/* End PBXResourcesBuildPhase section */

/* Begin PBXSourcesBuildPhase section */
		573948D01DD3FF52005CC19E /* Sources */ = {
			isa = PBXSourcesBuildPhase;
			buildActionMask = 2147483647;
			files = (
				573948ED1DD40093005CC19E /* PersonCell.swift in Sources */,
				573948EC1DD40093005CC19E /* Person.swift in Sources */,
				573948EE1DD40093005CC19E /* ViewController.swift in Sources */,
				573948D81DD3FF52005CC19E /* AppDelegate.swift in Sources */,
			);
			runOnlyForDeploymentPostprocessing = 0;
		};
/* End PBXSourcesBuildPhase section */

/* Begin PBXVariantGroup section */
		573948E01DD3FF52005CC19E /* LaunchScreen.storyboard */ = {
			isa = PBXVariantGroup;
			children = (
				573948E11DD3FF52005CC19E /* Base */,
			);
			name = LaunchScreen.storyboard;
			sourceTree = "<group>";
		};
		573948EF1DD4009C005CC19E /* Main.storyboard */ = {
			isa = PBXVariantGroup;
			children = (
				573948F01DD4009C005CC19E /* Base */,
			);
			name = Main.storyboard;
			sourceTree = "<group>";
		};
/* End PBXVariantGroup section */

/* Begin XCBuildConfiguration section */
		573948E41DD3FF52005CC19E /* Debug */ = {
			isa = XCBuildConfiguration;
			buildSettings = {
				ALWAYS_SEARCH_USER_PATHS = NO;
				CLANG_ANALYZER_NONNULL = YES;
				CLANG_CXX_LANGUAGE_STANDARD = "gnu++0x";
				CLANG_CXX_LIBRARY = "libc++";
				CLANG_ENABLE_MODULES = YES;
				CLANG_ENABLE_OBJC_ARC = YES;
				CLANG_WARN_BOOL_CONVERSION = YES;
				CLANG_WARN_CONSTANT_CONVERSION = YES;
				CLANG_WARN_DIRECT_OBJC_ISA_USAGE = YES_ERROR;
				CLANG_WARN_DOCUMENTATION_COMMENTS = YES;
				CLANG_WARN_EMPTY_BODY = YES;
				CLANG_WARN_ENUM_CONVERSION = YES;
				CLANG_WARN_INFINITE_RECURSION = YES;
				CLANG_WARN_INT_CONVERSION = YES;
				CLANG_WARN_OBJC_ROOT_CLASS = YES_ERROR;
				CLANG_WARN_SUSPICIOUS_MOVES = YES;
				CLANG_WARN_UNREACHABLE_CODE = YES;
				CLANG_WARN__DUPLICATE_METHOD_MATCH = YES;
				"CODE_SIGN_IDENTITY[sdk=iphoneos*]" = "iPhone Developer";
				COPY_PHASE_STRIP = NO;
				DEBUG_INFORMATION_FORMAT = dwarf;
				ENABLE_STRICT_OBJC_MSGSEND = YES;
				ENABLE_TESTABILITY = YES;
				GCC_C_LANGUAGE_STANDARD = gnu99;
				GCC_DYNAMIC_NO_PIC = NO;
				GCC_NO_COMMON_BLOCKS = YES;
				GCC_OPTIMIZATION_LEVEL = 0;
				GCC_PREPROCESSOR_DEFINITIONS = (
					"DEBUG=1",
					"$(inherited)",
				);
				GCC_WARN_64_TO_32_BIT_CONVERSION = YES;
				GCC_WARN_ABOUT_RETURN_TYPE = YES_ERROR;
				GCC_WARN_UNDECLARED_SELECTOR = YES;
				GCC_WARN_UNINITIALIZED_AUTOS = YES_AGGRESSIVE;
				GCC_WARN_UNUSED_FUNCTION = YES;
				GCC_WARN_UNUSED_VARIABLE = YES;
				IPHONEOS_DEPLOYMENT_TARGET = 10.1;
				MTL_ENABLE_DEBUG_INFO = YES;
				ONLY_ACTIVE_ARCH = YES;
				SDKROOT = iphoneos;
				SWIFT_ACTIVE_COMPILATION_CONDITIONS = DEBUG;
				SWIFT_OPTIMIZATION_LEVEL = "-Onone";
			};
			name = Debug;
		};
		573948E51DD3FF52005CC19E /* Release */ = {
			isa = XCBuildConfiguration;
			buildSettings = {
				ALWAYS_SEARCH_USER_PATHS = NO;
				CLANG_ANALYZER_NONNULL = YES;
				CLANG_CXX_LANGUAGE_STANDARD = "gnu++0x";
				CLANG_CXX_LIBRARY = "libc++";
				CLANG_ENABLE_MODULES = YES;
				CLANG_ENABLE_OBJC_ARC = YES;
				CLANG_WARN_BOOL_CONVERSION = YES;
				CLANG_WARN_CONSTANT_CONVERSION = YES;
				CLANG_WARN_DIRECT_OBJC_ISA_USAGE = YES_ERROR;
				CLANG_WARN_DOCUMENTATION_COMMENTS = YES;
				CLANG_WARN_EMPTY_BODY = YES;
				CLANG_WARN_ENUM_CONVERSION = YES;
				CLANG_WARN_INFINITE_RECURSION = YES;
				CLANG_WARN_INT_CONVERSION = YES;
				CLANG_WARN_OBJC_ROOT_CLASS = YES_ERROR;
				CLANG_WARN_SUSPICIOUS_MOVES = YES;
				CLANG_WARN_UNREACHABLE_CODE = YES;
				CLANG_WARN__DUPLICATE_METHOD_MATCH = YES;
				"CODE_SIGN_IDENTITY[sdk=iphoneos*]" = "iPhone Developer";
				COPY_PHASE_STRIP = NO;
				DEBUG_INFORMATION_FORMAT = "dwarf-with-dsym";
				ENABLE_NS_ASSERTIONS = NO;
				ENABLE_STRICT_OBJC_MSGSEND = YES;
				GCC_C_LANGUAGE_STANDARD = gnu99;
				GCC_NO_COMMON_BLOCKS = YES;
				GCC_WARN_64_TO_32_BIT_CONVERSION = YES;
				GCC_WARN_ABOUT_RETURN_TYPE = YES_ERROR;
				GCC_WARN_UNDECLARED_SELECTOR = YES;
				GCC_WARN_UNINITIALIZED_AUTOS = YES_AGGRESSIVE;
				GCC_WARN_UNUSED_FUNCTION = YES;
				GCC_WARN_UNUSED_VARIABLE = YES;
				IPHONEOS_DEPLOYMENT_TARGET = 10.1;
				MTL_ENABLE_DEBUG_INFO = NO;
				SDKROOT = iphoneos;
				SWIFT_OPTIMIZATION_LEVEL = "-Owholemodule";
				VALIDATE_PRODUCT = YES;
			};
			name = Release;
		};
		573948E71DD3FF52005CC19E /* Debug */ = {
			isa = XCBuildConfiguration;
			buildSettings = {
				ASSETCATALOG_COMPILER_APPICON_NAME = AppIcon;
				INFOPLIST_FILE = Project12/Info.plist;
				LD_RUNPATH_SEARCH_PATHS = "$(inherited) @executable_path/Frameworks";
				PRODUCT_BUNDLE_IDENTIFIER = com.utrillavictor.Project12;
				PRODUCT_NAME = "$(TARGET_NAME)";
				SWIFT_VERSION = 3.0;
			};
			name = Debug;
		};
		573948E81DD3FF52005CC19E /* Release */ = {
			isa = XCBuildConfiguration;
			buildSettings = {
				ASSETCATALOG_COMPILER_APPICON_NAME = AppIcon;
				INFOPLIST_FILE = Project12/Info.plist;
				LD_RUNPATH_SEARCH_PATHS = "$(inherited) @executable_path/Frameworks";
				PRODUCT_BUNDLE_IDENTIFIER = com.utrillavictor.Project12;
				PRODUCT_NAME = "$(TARGET_NAME)";
				SWIFT_VERSION = 3.0;
			};
			name = Release;
		};
/* End XCBuildConfiguration section */

/* Begin XCConfigurationList section */
		573948CF1DD3FF52005CC19E /* Build configuration list for PBXProject "Project12" */ = {
			isa = XCConfigurationList;
			buildConfigurations = (
				573948E41DD3FF52005CC19E /* Debug */,
				573948E51DD3FF52005CC19E /* Release */,
			);
			defaultConfigurationIsVisible = 0;
			defaultConfigurationName = Release;
		};
		573948E61DD3FF52005CC19E /* Build configuration list for PBXNativeTarget "Project12" */ = {
			isa = XCConfigurationList;
			buildConfigurations = (
				573948E71DD3FF52005CC19E /* Debug */,
				573948E81DD3FF52005CC19E /* Release */,
			);
			defaultConfigurationIsVisible = 0;
		};
/* End XCConfigurationList section */
	};
	rootObject = 573948CC1DD3FF52005CC19E /* Project object */;
}
