// !$*UTF8*$!
{
	archiveVersion = 1;
	classes = {
	};
	objectVersion = 46;
	objects = {

/* Begin PBXBuildFile section */
		5701DFAA1DFA3EFE00428D93 /* AppDelegate.swift in Sources */ = {isa = PBXBuildFile; fileRef = 5701DFA91DFA3EFE00428D93 /* AppDelegate.swift */; };
		5701DFAC1DFA3EFE00428D93 /* GameScene.sks in Resources */ = {isa = PBXBuildFile; fileRef = 5701DFAB1DFA3EFE00428D93 /* GameScene.sks */; };
		5701DFAE1DFA3EFE00428D93 /* Actions.sks in Resources */ = {isa = PBXBuildFile; fileRef = 5701DFAD1DFA3EFE00428D93 /* Actions.sks */; };
		5701DFB01DFA3EFE00428D93 /* GameScene.swift in Sources */ = {isa = PBXBuildFile; fileRef = 5701DFAF1DFA3EFE00428D93 /* GameScene.swift */; };
		5701DFB21DFA3EFE00428D93 /* GameViewController.swift in Sources */ = {isa = PBXBuildFile; fileRef = 5701DFB11DFA3EFE00428D93 /* GameViewController.swift */; };
		5701DFB51DFA3EFE00428D93 /* Main.storyboard in Resources */ = {isa = PBXBuildFile; fileRef = 5701DFB31DFA3EFE00428D93 /* Main.storyboard */; };
		5701DFB71DFA3EFE00428D93 /* Assets.xcassets in Resources */ = {isa = PBXBuildFile; fileRef = 5701DFB61DFA3EFE00428D93 /* Assets.xcassets */; };
		5701DFBA1DFA3EFE00428D93 /* LaunchScreen.storyboard in Resources */ = {isa = PBXBuildFile; fileRef = 5701DFB81DFA3EFE00428D93 /* LaunchScreen.storyboard */; };
		5701DFC31DFA406300428D93 /* explode.sks in Resources */ = {isa = PBXBuildFile; fileRef = 5701DFC11DFA406300428D93 /* explode.sks */; };
		5701DFC41DFA406300428D93 /* fuse.sks in Resources */ = {isa = PBXBuildFile; fileRef = 5701DFC21DFA406300428D93 /* fuse.sks */; };
/* End PBXBuildFile section */

/* Begin PBXFileReference section */
		5701DFA61DFA3EFE00428D93 /* Project20.app */ = {isa = PBXFileReference; explicitFileType = wrapper.application; includeInIndex = 0; path = Project20.app; sourceTree = BUILT_PRODUCTS_DIR; };
		5701DFA91DFA3EFE00428D93 /* AppDelegate.swift */ = {isa = PBXFileReference; lastKnownFileType = sourcecode.swift; path = AppDelegate.swift; sourceTree = "<group>"; };
		5701DFAB1DFA3EFE00428D93 /* GameScene.sks */ = {isa = PBXFileReference; lastKnownFileType = file.sks; path = GameScene.sks; sourceTree = "<group>"; };
		5701DFAD1DFA3EFE00428D93 /* Actions.sks */ = {isa = PBXFileReference; lastKnownFileType = file.sks; path = Actions.sks; sourceTree = "<group>"; };
		5701DFAF1DFA3EFE00428D93 /* GameScene.swift */ = {isa = PBXFileReference; lastKnownFileType = sourcecode.swift; path = GameScene.swift; sourceTree = "<group>"; };
		5701DFB11DFA3EFE00428D93 /* GameViewController.swift */ = {isa = PBXFileReference; lastKnownFileType = sourcecode.swift; path = GameViewController.swift; sourceTree = "<group>"; };
		5701DFB41DFA3EFE00428D93 /* Base */ = {isa = PBXFileReference; lastKnownFileType = file.storyboard; name = Base; path = Base.lproj/Main.storyboard; sourceTree = "<group>"; };
		5701DFB61DFA3EFE00428D93 /* Assets.xcassets */ = {isa = PBXFileReference; lastKnownFileType = folder.assetcatalog; path = Assets.xcassets; sourceTree = "<group>"; };
		5701DFB91DFA3EFE00428D93 /* Base */ = {isa = PBXFileReference; lastKnownFileType = file.storyboard; name = Base; path = Base.lproj/LaunchScreen.storyboard; sourceTree = "<group>"; };
		5701DFBB1DFA3EFE00428D93 /* Info.plist */ = {isa = PBXFileReference; lastKnownFileType = text.plist.xml; path = Info.plist; sourceTree = "<group>"; };
		5701DFC11DFA406300428D93 /* explode.sks */ = {isa = PBXFileReference; lastKnownFileType = file.sks; path = explode.sks; sourceTree = "<group>"; };
		5701DFC21DFA406300428D93 /* fuse.sks */ = {isa = PBXFileReference; lastKnownFileType = file.sks; path = fuse.sks; sourceTree = "<group>"; };
/* End PBXFileReference section */

/* Begin PBXFrameworksBuildPhase section */
		5701DFA31DFA3EFE00428D93 /* Frameworks */ = {
			isa = PBXFrameworksBuildPhase;
			buildActionMask = 2147483647;
			files = (
			);
			runOnlyForDeploymentPostprocessing = 0;
		};
/* End PBXFrameworksBuildPhase section */

/* Begin PBXGroup section */
		5701DF9D1DFA3EFE00428D93 = {
			isa = PBXGroup;
			children = (
				5701DFA81DFA3EFE00428D93 /* Project20 */,
				5701DFA71DFA3EFE00428D93 /* Products */,
			);
			sourceTree = "<group>";
		};
		5701DFA71DFA3EFE00428D93 /* Products */ = {
			isa = PBXGroup;
			children = (
				5701DFA61DFA3EFE00428D93 /* Project20.app */,
			);
			name = Products;
			sourceTree = "<group>";
		};
		5701DFA81DFA3EFE00428D93 /* Project20 */ = {
			isa = PBXGroup;
			children = (
				5701DFC11DFA406300428D93 /* explode.sks */,
				5701DFC21DFA406300428D93 /* fuse.sks */,
				5701DFA91DFA3EFE00428D93 /* AppDelegate.swift */,
				5701DFAB1DFA3EFE00428D93 /* GameScene.sks */,
				5701DFAD1DFA3EFE00428D93 /* Actions.sks */,
				5701DFAF1DFA3EFE00428D93 /* GameScene.swift */,
				5701DFB11DFA3EFE00428D93 /* GameViewController.swift */,
				5701DFB31DFA3EFE00428D93 /* Main.storyboard */,
				5701DFB61DFA3EFE00428D93 /* Assets.xcassets */,
				5701DFB81DFA3EFE00428D93 /* LaunchScreen.storyboard */,
				5701DFBB1DFA3EFE00428D93 /* Info.plist */,
			);
			path = Project20;
			sourceTree = "<group>";
		};
/* End PBXGroup section */

/* Begin PBXNativeTarget section */
		5701DFA51DFA3EFE00428D93 /* Project20 */ = {
			isa = PBXNativeTarget;
			buildConfigurationList = 5701DFBE1DFA3EFE00428D93 /* Build configuration list for PBXNativeTarget "Project20" */;
			buildPhases = (
				5701DFA21DFA3EFE00428D93 /* Sources */,
				5701DFA31DFA3EFE00428D93 /* Frameworks */,
				5701DFA41DFA3EFE00428D93 /* Resources */,
			);
			buildRules = (
			);
			dependencies = (
			);
			name = Project20;
			productName = Project20;
			productReference = 5701DFA61DFA3EFE00428D93 /* Project20.app */;
			productType = "com.apple.product-type.application";
		};
/* End PBXNativeTarget section */

/* Begin PBXProject section */
		5701DF9E1DFA3EFE00428D93 /* Project object */ = {
			isa = PBXProject;
			attributes = {
				LastSwiftUpdateCheck = 0810;
				LastUpgradeCheck = 0810;
				ORGANIZATIONNAME = utrillavictor;
				TargetAttributes = {
					5701DFA51DFA3EFE00428D93 = {
						CreatedOnToolsVersion = 8.1;
						ProvisioningStyle = Automatic;
					};
				};
			};
			buildConfigurationList = 5701DFA11DFA3EFE00428D93 /* Build configuration list for PBXProject "Project20" */;
			compatibilityVersion = "Xcode 3.2";
			developmentRegion = English;
			hasScannedForEncodings = 0;
			knownRegions = (
				en,
				Base,
			);
			mainGroup = 5701DF9D1DFA3EFE00428D93;
			productRefGroup = 5701DFA71DFA3EFE00428D93 /* Products */;
			projectDirPath = "";
			projectRoot = "";
			targets = (
				5701DFA51DFA3EFE00428D93 /* Project20 */,
			);
		};
/* End PBXProject section */

/* Begin PBXResourcesBuildPhase section */
		5701DFA41DFA3EFE00428D93 /* Resources */ = {
			isa = PBXResourcesBuildPhase;
			buildActionMask = 2147483647;
			files = (
				5701DFB51DFA3EFE00428D93 /* Main.storyboard in Resources */,
				5701DFAC1DFA3EFE00428D93 /* GameScene.sks in Resources */,
				5701DFB71DFA3EFE00428D93 /* Assets.xcassets in Resources */,
				5701DFBA1DFA3EFE00428D93 /* LaunchScreen.storyboard in Resources */,
				5701DFAE1DFA3EFE00428D93 /* Actions.sks in Resources */,
				5701DFC41DFA406300428D93 /* fuse.sks in Resources */,
				5701DFC31DFA406300428D93 /* explode.sks in Resources */,
			);
			runOnlyForDeploymentPostprocessing = 0;
		};
/* End PBXResourcesBuildPhase section */

/* Begin PBXSourcesBuildPhase section */
		5701DFA21DFA3EFE00428D93 /* Sources */ = {
			isa = PBXSourcesBuildPhase;
			buildActionMask = 2147483647;
			files = (
				5701DFB01DFA3EFE00428D93 /* GameScene.swift in Sources */,
				5701DFB21DFA3EFE00428D93 /* GameViewController.swift in Sources */,
				5701DFAA1DFA3EFE00428D93 /* AppDelegate.swift in Sources */,
			);
			runOnlyForDeploymentPostprocessing = 0;
		};
/* End PBXSourcesBuildPhase section */

/* Begin PBXVariantGroup section */
		5701DFB31DFA3EFE00428D93 /* Main.storyboard */ = {
			isa = PBXVariantGroup;
			children = (
				5701DFB41DFA3EFE00428D93 /* Base */,
			);
			name = Main.storyboard;
			sourceTree = "<group>";
		};
		5701DFB81DFA3EFE00428D93 /* LaunchScreen.storyboard */ = {
			isa = PBXVariantGroup;
			children = (
				5701DFB91DFA3EFE00428D93 /* Base */,
			);
			name = LaunchScreen.storyboard;
			sourceTree = "<group>";
		};
/* End PBXVariantGroup section */

/* Begin XCBuildConfiguration section */
		5701DFBC1DFA3EFE00428D93 /* Debug */ = {
			isa = XCBuildConfiguration;
			buildSettings = {
				ALWAYS_SEARCH_USER_PATHS = NO;
				CLANG_ANALYZER_NONNULL = YES;
				CLANG_CXX_LANGUAGE_STANDARD = "gnu++0x";
				CLANG_CXX_LIBRARY = "libc++";
				CLANG_ENABLE_MODULES = YES;
				CLANG_ENABLE_OBJC_ARC = YES;
				CLANG_WARN_BOOL_CONVERSION = YES;
				CLANG_WARN_CONSTANT_CONVERSION = YES;
				CLANG_WARN_DIRECT_OBJC_ISA_USAGE = YES_ERROR;
				CLANG_WARN_DOCUMENTATION_COMMENTS = YES;
				CLANG_WARN_EMPTY_BODY = YES;
				CLANG_WARN_ENUM_CONVERSION = YES;
				CLANG_WARN_INFINITE_RECURSION = YES;
				CLANG_WARN_INT_CONVERSION = YES;
				CLANG_WARN_OBJC_ROOT_CLASS = YES_ERROR;
				CLANG_WARN_SUSPICIOUS_MOVES = YES;
				CLANG_WARN_UNREACHABLE_CODE = YES;
				CLANG_WARN__DUPLICATE_METHOD_MATCH = YES;
				"CODE_SIGN_IDENTITY[sdk=iphoneos*]" = "iPhone Developer";
				COPY_PHASE_STRIP = NO;
				DEBUG_INFORMATION_FORMAT = dwarf;
				ENABLE_STRICT_OBJC_MSGSEND = YES;
				ENABLE_TESTABILITY = YES;
				GCC_C_LANGUAGE_STANDARD = gnu99;
				GCC_DYNAMIC_NO_PIC = NO;
				GCC_NO_COMMON_BLOCKS = YES;
				GCC_OPTIMIZATION_LEVEL = 0;
				GCC_PREPROCESSOR_DEFINITIONS = (
					"DEBUG=1",
					"$(inherited)",
				);
				GCC_WARN_64_TO_32_BIT_CONVERSION = YES;
				GCC_WARN_ABOUT_RETURN_TYPE = YES_ERROR;
				GCC_WARN_UNDECLARED_SELECTOR = YES;
				GCC_WARN_UNINITIALIZED_AUTOS = YES_AGGRESSIVE;
				GCC_WARN_UNUSED_FUNCTION = YES;
				GCC_WARN_UNUSED_VARIABLE = YES;
				IPHONEOS_DEPLOYMENT_TARGET = 10.1;
				MTL_ENABLE_DEBUG_INFO = YES;
				ONLY_ACTIVE_ARCH = YES;
				SDKROOT = iphoneos;
				SWIFT_ACTIVE_COMPILATION_CONDITIONS = DEBUG;
				SWIFT_OPTIMIZATION_LEVEL = "-Onone";
				TARGETED_DEVICE_FAMILY = 2;
			};
			name = Debug;
		};
		5701DFBD1DFA3EFE00428D93 /* Release */ = {
			isa = XCBuildConfiguration;
			buildSettings = {
				ALWAYS_SEARCH_USER_PATHS = NO;
				CLANG_ANALYZER_NONNULL = YES;
				CLANG_CXX_LANGUAGE_STANDARD = "gnu++0x";
				CLANG_CXX_LIBRARY = "libc++";
				CLANG_ENABLE_MODULES = YES;
				CLANG_ENABLE_OBJC_ARC = YES;
				CLANG_WARN_BOOL_CONVERSION = YES;
				CLANG_WARN_CONSTANT_CONVERSION = YES;
				CLANG_WARN_DIRECT_OBJC_ISA_USAGE = YES_ERROR;
				CLANG_WARN_DOCUMENTATION_COMMENTS = YES;
				CLANG_WARN_EMPTY_BODY = YES;
				CLANG_WARN_ENUM_CONVERSION = YES;
				CLANG_WARN_INFINITE_RECURSION = YES;
				CLANG_WARN_INT_CONVERSION = YES;
				CLANG_WARN_OBJC_ROOT_CLASS = YES_ERROR;
				CLANG_WARN_SUSPICIOUS_MOVES = YES;
				CLANG_WARN_UNREACHABLE_CODE = YES;
				CLANG_WARN__DUPLICATE_METHOD_MATCH = YES;
				"CODE_SIGN_IDENTITY[sdk=iphoneos*]" = "iPhone Developer";
				COPY_PHASE_STRIP = NO;
				DEBUG_INFORMATION_FORMAT = "dwarf-with-dsym";
				ENABLE_NS_ASSERTIONS = NO;
				ENABLE_STRICT_OBJC_MSGSEND = YES;
				GCC_C_LANGUAGE_STANDARD = gnu99;
				GCC_NO_COMMON_BLOCKS = YES;
				GCC_WARN_64_TO_32_BIT_CONVERSION = YES;
				GCC_WARN_ABOUT_RETURN_TYPE = YES_ERROR;
				GCC_WARN_UNDECLARED_SELECTOR = YES;
				GCC_WARN_UNINITIALIZED_AUTOS = YES_AGGRESSIVE;
				GCC_WARN_UNUSED_FUNCTION = YES;
				GCC_WARN_UNUSED_VARIABLE = YES;
				IPHONEOS_DEPLOYMENT_TARGET = 10.1;
				MTL_ENABLE_DEBUG_INFO = NO;
				SDKROOT = iphoneos;
				SWIFT_OPTIMIZATION_LEVEL = "-Owholemodule";
				TARGETED_DEVICE_FAMILY = 2;
				VALIDATE_PRODUCT = YES;
			};
			name = Release;
		};
		5701DFBF1DFA3EFE00428D93 /* Debug */ = {
			isa = XCBuildConfiguration;
			buildSettings = {
				ASSETCATALOG_COMPILER_APPICON_NAME = AppIcon;
				INFOPLIST_FILE = Project20/Info.plist;
				LD_RUNPATH_SEARCH_PATHS = "$(inherited) @executable_path/Frameworks";
				PRODUCT_BUNDLE_IDENTIFIER = com.utrillavictor.Project20;
				PRODUCT_NAME = "$(TARGET_NAME)";
				SWIFT_VERSION = 3.0;
			};
			name = Debug;
		};
		5701DFC01DFA3EFE00428D93 /* Release */ = {
			isa = XCBuildConfiguration;
			buildSettings = {
				ASSETCATALOG_COMPILER_APPICON_NAME = AppIcon;
				INFOPLIST_FILE = Project20/Info.plist;
				LD_RUNPATH_SEARCH_PATHS = "$(inherited) @executable_path/Frameworks";
				PRODUCT_BUNDLE_IDENTIFIER = com.utrillavictor.Project20;
				PRODUCT_NAME = "$(TARGET_NAME)";
				SWIFT_VERSION = 3.0;
			};
			name = Release;
		};
/* End XCBuildConfiguration section */

/* Begin XCConfigurationList section */
		5701DFA11DFA3EFE00428D93 /* Build configuration list for PBXProject "Project20" */ = {
			isa = XCConfigurationList;
			buildConfigurations = (
				5701DFBC1DFA3EFE00428D93 /* Debug */,
				5701DFBD1DFA3EFE00428D93 /* Release */,
			);
			defaultConfigurationIsVisible = 0;
			defaultConfigurationName = Release;
		};
		5701DFBE1DFA3EFE00428D93 /* Build configuration list for PBXNativeTarget "Project20" */ = {
			isa = XCConfigurationList;
			buildConfigurations = (
				5701DFBF1DFA3EFE00428D93 /* Debug */,
				5701DFC01DFA3EFE00428D93 /* Release */,
			);
			defaultConfigurationIsVisible = 0;
			defaultConfigurationName = Release;
		};
/* End XCConfigurationList section */
	};
	rootObject = 5701DF9E1DFA3EFE00428D93 /* Project object */;
}
